
Microsoft Visual Studio Solution File, Format Version 12.00
# Visual Studio Version 17
VisualStudioVersion = 17.14.36623.8 d17.14
MinimumVisualStudioVersion = 10.0.40219.1
Project("{FAE04EC0-301F-11D3-BF4B-00C04F79EFBC}") = "BatchProcessor", "BatchProcessor.csproj", "{403B63C5-27B3-B7AB-0DB4-CAA9FB1D8126}"
EndProject
Global
	GlobalSection(SolutionConfigurationPlatforms) = preSolution
		Debug|Any CPU = Debug|Any CPU
		Release|Any CPU = Release|Any CPU
	EndGlobalSection
	GlobalSection(ProjectConfigurationPlatforms) = postSolution
		{403B63C5-27B3-B7AB-0DB4-CAA9FB1D8126}.Debug|Any CPU.ActiveCfg = Debug|Any CPU
		{403B63C5-27B3-B7AB-0DB4-CAA9FB1D8126}.Debug|Any CPU.Build.0 = Debug|Any CPU
		{403B63C5-27B3-B7AB-0DB4-CAA9FB1D8126}.Release|Any CPU.ActiveCfg = Release|Any CPU
		{403B63C5-27B3-B7AB-0DB4-CAA9FB1D8126}.Release|Any CPU.Build.0 = Release|Any CPU
	EndGlobalSection
	GlobalSection(SolutionProperties) = preSolution
		HideSolutionNode = FALSE
	EndGlobalSection
	GlobalSection(ExtensibilityGlobals) = postSolution
		SolutionGuid = {BDBD8C2E-F47B-4430-88B1-2E128FA9045E}
	EndGlobalSection
EndGlobal
